
Microsoft Visual Studio Solution File, Format Version 12.00
# Visual Studio Version 17
VisualStudioVersion = 17.5.002.0
MinimumVisualStudioVersion = 10.0.40219.1
Project("{9A19103F-16F7-4668-BE54-9A1E7A4F7556}") = "AzureSqlMfaSample", "AzureSqlMfaSample\AzureSqlMfaSample.csproj", "{DFA20830-9A04-45F9-A0E5-83EDC8A66E09}"
EndProject
Project("{FAE04EC0-301F-11D3-BF4B-00C04F79EFBC}") = "ConsoleAppAsClient", "ConsoleAppAsClient\ConsoleAppAsClient.csproj", "{0DD1BE8F-5D75-408E-8EFC-7C456FE2C1A4}"
EndProject
Project("{FAE04EC0-301F-11D3-BF4B-00C04F79EFBC}") = "UseCase1004", "UseCase1004\UseCase1004.csproj", "{40852868-CD08-4371-9078-67219AFE0000}"
EndProject
Global
	GlobalSection(SolutionConfigurationPlatforms) = preSolution
		Debug|Any CPU = Debug|Any CPU
		Release|Any CPU = Release|Any CPU
	EndGlobalSection
	GlobalSection(ProjectConfigurationPlatforms) = postSolution
		{DFA20830-9A04-45F9-A0E5-83EDC8A66E09}.Debug|Any CPU.ActiveCfg = Debug|Any CPU
		{DFA20830-9A04-45F9-A0E5-83EDC8A66E09}.Debug|Any CPU.Build.0 = Debug|Any CPU
		{DFA20830-9A04-45F9-A0E5-83EDC8A66E09}.Release|Any CPU.ActiveCfg = Release|Any CPU
		{DFA20830-9A04-45F9-A0E5-83EDC8A66E09}.Release|Any CPU.Build.0 = Release|Any CPU
		{0DD1BE8F-5D75-408E-8EFC-7C456FE2C1A4}.Debug|Any CPU.ActiveCfg = Debug|Any CPU
		{0DD1BE8F-5D75-408E-8EFC-7C456FE2C1A4}.Debug|Any CPU.Build.0 = Debug|Any CPU
		{0DD1BE8F-5D75-408E-8EFC-7C456FE2C1A4}.Release|Any CPU.ActiveCfg = Release|Any CPU
		{0DD1BE8F-5D75-408E-8EFC-7C456FE2C1A4}.Release|Any CPU.Build.0 = Release|Any CPU
		{40852868-CD08-4371-9078-67219AFE0000}.Debug|Any CPU.ActiveCfg = Debug|Any CPU
		{40852868-CD08-4371-9078-67219AFE0000}.Debug|Any CPU.Build.0 = Debug|Any CPU
		{40852868-CD08-4371-9078-67219AFE0000}.Release|Any CPU.ActiveCfg = Release|Any CPU
		{40852868-CD08-4371-9078-67219AFE0000}.Release|Any CPU.Build.0 = Release|Any CPU
	EndGlobalSection
	GlobalSection(SolutionProperties) = preSolution
		HideSolutionNode = FALSE
	EndGlobalSection
	GlobalSection(ExtensibilityGlobals) = postSolution
		SolutionGuid = {0ED707A7-B33B-468F-8993-DE60F9BFED5F}
	EndGlobalSection
EndGlobal
